// !$*UTF8*$!
{
	archiveVersion = 1;
	classes = {
	};
	objectVersion = 46;
	objects = {

/* Begin PBXBuildFile section */
		AC36D85E1E9D531E00F9780D /* AppDelegate.swift in Sources */ = {isa = PBXBuildFile; fileRef = AC36D85D1E9D531E00F9780D /* AppDelegate.swift */; };
		AC36D8601E9D531E00F9780D /* ViewController.swift in Sources */ = {isa = PBXBuildFile; fileRef = AC36D85F1E9D531E00F9780D /* ViewController.swift */; };
		AC36D8631E9D531E00F9780D /* Main.storyboard in Resources */ = {isa = PBXBuildFile; fileRef = AC36D8611E9D531E00F9780D /* Main.storyboard */; };
		AC36D8661E9D531E00F9780D /* Sound_Board.xcdatamodeld in Sources */ = {isa = PBXBuildFile; fileRef = AC36D8641E9D531E00F9780D /* Sound_Board.xcdatamodeld */; };
		AC36D8681E9D531E00F9780D /* Assets.xcassets in Resources */ = {isa = PBXBuildFile; fileRef = AC36D8671E9D531E00F9780D /* Assets.xcassets */; };
		AC36D86B1E9D531E00F9780D /* LaunchScreen.storyboard in Resources */ = {isa = PBXBuildFile; fileRef = AC36D8691E9D531E00F9780D /* LaunchScreen.storyboard */; };
		AC36D8731E9D5FC100F9780D /* SoundViewController.swift in Sources */ = {isa = PBXBuildFile; fileRef = AC36D8721E9D5FC100F9780D /* SoundViewController.swift */; };
/* End PBXBuildFile section */

/* Begin PBXFileReference section */
		AC36D85A1E9D531E00F9780D /* Sound Board.app */ = {isa = PBXFileReference; explicitFileType = wrapper.application; includeInIndex = 0; path = "Sound Board.app"; sourceTree = BUILT_PRODUCTS_DIR; };
		AC36D85D1E9D531E00F9780D /* AppDelegate.swift */ = {isa = PBXFileReference; lastKnownFileType = sourcecode.swift; path = AppDelegate.swift; sourceTree = "<group>"; };
		AC36D85F1E9D531E00F9780D /* ViewController.swift */ = {isa = PBXFileReference; lastKnownFileType = sourcecode.swift; path = ViewController.swift; sourceTree = "<group>"; };
		AC36D8621E9D531E00F9780D /* Base */ = {isa = PBXFileReference; lastKnownFileType = file.storyboard; name = Base; path = Base.lproj/Main.storyboard; sourceTree = "<group>"; };
		AC36D8651E9D531E00F9780D /* Sound_Board.xcdatamodel */ = {isa = PBXFileReference; lastKnownFileType = wrapper.xcdatamodel; path = Sound_Board.xcdatamodel; sourceTree = "<group>"; };
		AC36D8671E9D531E00F9780D /* Assets.xcassets */ = {isa = PBXFileReference; lastKnownFileType = folder.assetcatalog; path = Assets.xcassets; sourceTree = "<group>"; };
		AC36D86A1E9D531E00F9780D /* Base */ = {isa = PBXFileReference; lastKnownFileType = file.storyboard; name = Base; path = Base.lproj/LaunchScreen.storyboard; sourceTree = "<group>"; };
		AC36D86C1E9D531E00F9780D /* Info.plist */ = {isa = PBXFileReference; lastKnownFileType = text.plist.xml; path = Info.plist; sourceTree = "<group>"; };
		AC36D8721E9D5FC100F9780D /* SoundViewController.swift */ = {isa = PBXFileReference; fileEncoding = 4; lastKnownFileType = sourcecode.swift; path = SoundViewController.swift; sourceTree = "<group>"; };
/* End PBXFileReference section */

/* Begin PBXFrameworksBuildPhase section */
		AC36D8571E9D531E00F9780D /* Frameworks */ = {
			isa = PBXFrameworksBuildPhase;
			buildActionMask = 2147483647;
			files = (
			);
			runOnlyForDeploymentPostprocessing = 0;
		};
/* End PBXFrameworksBuildPhase section */

/* Begin PBXGroup section */
		AC36D8511E9D531E00F9780D = {
			isa = PBXGroup;
			children = (
				AC36D85C1E9D531E00F9780D /* Sound Board */,
				AC36D85B1E9D531E00F9780D /* Products */,
			);
			sourceTree = "<group>";
		};
		AC36D85B1E9D531E00F9780D /* Products */ = {
			isa = PBXGroup;
			children = (
				AC36D85A1E9D531E00F9780D /* Sound Board.app */,
			);
			name = Products;
			sourceTree = "<group>";
		};
		AC36D85C1E9D531E00F9780D /* Sound Board */ = {
			isa = PBXGroup;
			children = (
				AC36D85D1E9D531E00F9780D /* AppDelegate.swift */,
				AC36D85F1E9D531E00F9780D /* ViewController.swift */,
				AC36D8721E9D5FC100F9780D /* SoundViewController.swift */,
				AC36D8611E9D531E00F9780D /* Main.storyboard */,
				AC36D8671E9D531E00F9780D /* Assets.xcassets */,
				AC36D8691E9D531E00F9780D /* LaunchScreen.storyboard */,
				AC36D86C1E9D531E00F9780D /* Info.plist */,
				AC36D8641E9D531E00F9780D /* Sound_Board.xcdatamodeld */,
			);
			path = "Sound Board";
			sourceTree = "<group>";
		};
/* End PBXGroup section */

/* Begin PBXNativeTarget section */
		AC36D8591E9D531E00F9780D /* Sound Board */ = {
			isa = PBXNativeTarget;
			buildConfigurationList = AC36D86F1E9D531E00F9780D /* Build configuration list for PBXNativeTarget "Sound Board" */;
			buildPhases = (
				AC36D8561E9D531E00F9780D /* Sources */,
				AC36D8571E9D531E00F9780D /* Frameworks */,
				AC36D8581E9D531E00F9780D /* Resources */,
			);
			buildRules = (
			);
			dependencies = (
			);
			name = "Sound Board";
			productName = "Sound Board";
			productReference = AC36D85A1E9D531E00F9780D /* Sound Board.app */;
			productType = "com.apple.product-type.application";
		};
/* End PBXNativeTarget section */

/* Begin PBXProject section */
		AC36D8521E9D531E00F9780D /* Project object */ = {
			isa = PBXProject;
			attributes = {
				LastSwiftUpdateCheck = 0830;
				LastUpgradeCheck = 0830;
				ORGANIZATIONNAME = "Bradley Stovall";
				TargetAttributes = {
					AC36D8591E9D531E00F9780D = {
						CreatedOnToolsVersion = 8.3;
						DevelopmentTeam = JGYXSDX8NM;
						ProvisioningStyle = Automatic;
					};
				};
			};
			buildConfigurationList = AC36D8551E9D531E00F9780D /* Build configuration list for PBXProject "Sound Board" */;
			compatibilityVersion = "Xcode 3.2";
			developmentRegion = English;
			hasScannedForEncodings = 0;
			knownRegions = (
				en,
				Base,
			);
			mainGroup = AC36D8511E9D531E00F9780D;
			productRefGroup = AC36D85B1E9D531E00F9780D /* Products */;
			projectDirPath = "";
			projectRoot = "";
			targets = (
				AC36D8591E9D531E00F9780D /* Sound Board */,
			);
		};
/* End PBXProject section */

/* Begin PBXResourcesBuildPhase section */
		AC36D8581E9D531E00F9780D /* Resources */ = {
			isa = PBXResourcesBuildPhase;
			buildActionMask = 2147483647;
			files = (
				AC36D86B1E9D531E00F9780D /* LaunchScreen.storyboard in Resources */,
				AC36D8681E9D531E00F9780D /* Assets.xcassets in Resources */,
				AC36D8631E9D531E00F9780D /* Main.storyboard in Resources */,
			);
			runOnlyForDeploymentPostprocessing = 0;
		};
/* End PBXResourcesBuildPhase section */

/* Begin PBXSourcesBuildPhase section */
		AC36D8561E9D531E00F9780D /* Sources */ = {
			isa = PBXSourcesBuildPhase;
			buildActionMask = 2147483647;
			files = (
				AC36D8731E9D5FC100F9780D /* SoundViewController.swift in Sources */,
				AC36D8661E9D531E00F9780D /* Sound_Board.xcdatamodeld in Sources */,
				AC36D8601E9D531E00F9780D /* ViewController.swift in Sources */,
				AC36D85E1E9D531E00F9780D /* AppDelegate.swift in Sources */,
			);
			runOnlyForDeploymentPostprocessing = 0;
		};
/* End PBXSourcesBuildPhase section */

/* Begin PBXVariantGroup section */
		AC36D8611E9D531E00F9780D /* Main.storyboard */ = {
			isa = PBXVariantGroup;
			children = (
				AC36D8621E9D531E00F9780D /* Base */,
			);
			name = Main.storyboard;
			sourceTree = "<group>";
		};
		AC36D8691E9D531E00F9780D /* LaunchScreen.storyboard */ = {
			isa = PBXVariantGroup;
			children = (
				AC36D86A1E9D531E00F9780D /* Base */,
			);
			name = LaunchScreen.storyboard;
			sourceTree = "<group>";
		};
/* End PBXVariantGroup section */

/* Begin XCBuildConfiguration section */
		AC36D86D1E9D531E00F9780D /* Debug */ = {
			isa = XCBuildConfiguration;
			buildSettings = {
				ALWAYS_SEARCH_USER_PATHS = NO;
				CLANG_ANALYZER_NONNULL = YES;
				CLANG_ANALYZER_NUMBER_OBJECT_CONVERSION = YES_AGGRESSIVE;
				CLANG_CXX_LANGUAGE_STANDARD = "gnu++0x";
				CLANG_CXX_LIBRARY = "libc++";
				CLANG_ENABLE_MODULES = YES;
				CLANG_ENABLE_OBJC_ARC = YES;
				CLANG_WARN_BOOL_CONVERSION = YES;
				CLANG_WARN_CONSTANT_CONVERSION = YES;
				CLANG_WARN_DIRECT_OBJC_ISA_USAGE = YES_ERROR;
				CLANG_WARN_DOCUMENTATION_COMMENTS = YES;
				CLANG_WARN_EMPTY_BODY = YES;
				CLANG_WARN_ENUM_CONVERSION = YES;
				CLANG_WARN_INFINITE_RECURSION = YES;
				CLANG_WARN_INT_CONVERSION = YES;
				CLANG_WARN_OBJC_ROOT_CLASS = YES_ERROR;
				CLANG_WARN_SUSPICIOUS_MOVE = YES;
				CLANG_WARN_UNREACHABLE_CODE = YES;
				CLANG_WARN__DUPLICATE_METHOD_MATCH = YES;
				"CODE_SIGN_IDENTITY[sdk=iphoneos*]" = "iPhone Developer";
				COPY_PHASE_STRIP = NO;
				DEBUG_INFORMATION_FORMAT = dwarf;
				ENABLE_STRICT_OBJC_MSGSEND = YES;
				ENABLE_TESTABILITY = YES;
				GCC_C_LANGUAGE_STANDARD = gnu99;
				GCC_DYNAMIC_NO_PIC = NO;
				GCC_NO_COMMON_BLOCKS = YES;
				GCC_OPTIMIZATION_LEVEL = 0;
				GCC_PREPROCESSOR_DEFINITIONS = (
					"DEBUG=1",
					"$(inherited)",
				);
				GCC_WARN_64_TO_32_BIT_CONVERSION = YES;
				GCC_WARN_ABOUT_RETURN_TYPE = YES_ERROR;
				GCC_WARN_UNDECLARED_SELECTOR = YES;
				GCC_WARN_UNINITIALIZED_AUTOS = YES_AGGRESSIVE;
				GCC_WARN_UNUSED_FUNCTION = YES;
				GCC_WARN_UNUSED_VARIABLE = YES;
				IPHONEOS_DEPLOYMENT_TARGET = 10.3;
				MTL_ENABLE_DEBUG_INFO = YES;
				ONLY_ACTIVE_ARCH = YES;
				SDKROOT = iphoneos;
				SWIFT_ACTIVE_COMPILATION_CONDITIONS = DEBUG;
				SWIFT_OPTIMIZATION_LEVEL = "-Onone";
				TARGETED_DEVICE_FAMILY = "1,2";
			};
			name = Debug;
		};
		AC36D86E1E9D531E00F9780D /* Release */ = {
			isa = XCBuildConfiguration;
			buildSettings = {
				ALWAYS_SEARCH_USER_PATHS = NO;
				CLANG_ANALYZER_NONNULL = YES;
				CLANG_ANALYZER_NUMBER_OBJECT_CONVERSION = YES_AGGRESSIVE;
				CLANG_CXX_LANGUAGE_STANDARD = "gnu++0x";
				CLANG_CXX_LIBRARY = "libc++";
				CLANG_ENABLE_MODULES = YES;
				CLANG_ENABLE_OBJC_ARC = YES;
				CLANG_WARN_BOOL_CONVERSION = YES;
				CLANG_WARN_CONSTANT_CONVERSION = YES;
				CLANG_WARN_DIRECT_OBJC_ISA_USAGE = YES_ERROR;
				CLANG_WARN_DOCUMENTATION_COMMENTS = YES;
				CLANG_WARN_EMPTY_BODY = YES;
				CLANG_WARN_ENUM_CONVERSION = YES;
				CLANG_WARN_INFINITE_RECURSION = YES;
				CLANG_WARN_INT_CONVERSION = YES;
				CLANG_WARN_OBJC_ROOT_CLASS = YES_ERROR;
				CLANG_WARN_SUSPICIOUS_MOVE = YES;
				CLANG_WARN_UNREACHABLE_CODE = YES;
				CLANG_WARN__DUPLICATE_METHOD_MATCH = YES;
				"CODE_SIGN_IDENTITY[sdk=iphoneos*]" = "iPhone Developer";
				COPY_PHASE_STRIP = NO;
				DEBUG_INFORMATION_FORMAT = "dwarf-with-dsym";
				ENABLE_NS_ASSERTIONS = NO;
				ENABLE_STRICT_OBJC_MSGSEND = YES;
				GCC_C_LANGUAGE_STANDARD = gnu99;
				GCC_NO_COMMON_BLOCKS = YES;
				GCC_WARN_64_TO_32_BIT_CONVERSION = YES;
				GCC_WARN_ABOUT_RETURN_TYPE = YES_ERROR;
				GCC_WARN_UNDECLARED_SELECTOR = YES;
				GCC_WARN_UNINITIALIZED_AUTOS = YES_AGGRESSIVE;
				GCC_WARN_UNUSED_FUNCTION = YES;
				GCC_WARN_UNUSED_VARIABLE = YES;
				IPHONEOS_DEPLOYMENT_TARGET = 10.3;
				MTL_ENABLE_DEBUG_INFO = NO;
				SDKROOT = iphoneos;
				SWIFT_OPTIMIZATION_LEVEL = "-Owholemodule";
				TARGETED_DEVICE_FAMILY = "1,2";
				VALIDATE_PRODUCT = YES;
			};
			name = Release;
		};
		AC36D8701E9D531E00F9780D /* Debug */ = {
			isa = XCBuildConfiguration;
			buildSettings = {
				ASSETCATALOG_COMPILER_APPICON_NAME = AppIcon;
				DEVELOPMENT_TEAM = JGYXSDX8NM;
				INFOPLIST_FILE = "Sound Board/Info.plist";
				LD_RUNPATH_SEARCH_PATHS = "$(inherited) @executable_path/Frameworks";
				PRODUCT_BUNDLE_IDENTIFIER = "com.bright-avenue.Sound-Board";
				PRODUCT_NAME = "$(TARGET_NAME)";
				SWIFT_VERSION = 3.0;
			};
			name = Debug;
		};
		AC36D8711E9D531E00F9780D /* Release */ = {
			isa = XCBuildConfiguration;
			buildSettings = {
				ASSETCATALOG_COMPILER_APPICON_NAME = AppIcon;
				DEVELOPMENT_TEAM = JGYXSDX8NM;
				INFOPLIST_FILE = "Sound Board/Info.plist";
				LD_RUNPATH_SEARCH_PATHS = "$(inherited) @executable_path/Frameworks";
				PRODUCT_BUNDLE_IDENTIFIER = "com.bright-avenue.Sound-Board";
				PRODUCT_NAME = "$(TARGET_NAME)";
				SWIFT_VERSION = 3.0;
			};
			name = Release;
		};
/* End XCBuildConfiguration section */

/* Begin XCConfigurationList section */
		AC36D8551E9D531E00F9780D /* Build configuration list for PBXProject "Sound Board" */ = {
			isa = XCConfigurationList;
			buildConfigurations = (
				AC36D86D1E9D531E00F9780D /* Debug */,
				AC36D86E1E9D531E00F9780D /* Release */,
			);
			defaultConfigurationIsVisible = 0;
			defaultConfigurationName = Release;
		};
		AC36D86F1E9D531E00F9780D /* Build configuration list for PBXNativeTarget "Sound Board" */ = {
			isa = XCConfigurationList;
			buildConfigurations = (
				AC36D8701E9D531E00F9780D /* Debug */,
				AC36D8711E9D531E00F9780D /* Release */,
			);
			defaultConfigurationIsVisible = 0;
		};
/* End XCConfigurationList section */

/* Begin XCVersionGroup section */
		AC36D8641E9D531E00F9780D /* Sound_Board.xcdatamodeld */ = {
			isa = XCVersionGroup;
			children = (
				AC36D8651E9D531E00F9780D /* Sound_Board.xcdatamodel */,
			);
			currentVersion = AC36D8651E9D531E00F9780D /* Sound_Board.xcdatamodel */;
			path = Sound_Board.xcdatamodeld;
			sourceTree = "<group>";
			versionGroupType = wrapper.xcdatamodel;
		};
/* End XCVersionGroup section */
	};
	rootObject = AC36D8521E9D531E00F9780D /* Project object */;
}
